
Microsoft Visual Studio Solution File, Format Version 12.00
# Visual Studio Version 17
VisualStudioVersion = 17.4.33213.308
MinimumVisualStudioVersion = 10.0.40219.1
Project("{FAE04EC0-301F-11D3-BF4B-00C04F79EFBC}") = "AppBancoPix.Android", "AppBancoPix.Android\AppBancoPix.Android.csproj", "{5EC9D4D0-6E51-4A38-86A9-2E4EAB7A8CA3}"
EndProject
Project("{FAE04EC0-301F-11D3-BF4B-00C04F79EFBC}") = "AppBancoPix", "AppBancoPix\AppBancoPix.csproj", "{DDA39F74-9A38-4560-931C-CF1336238A40}"
EndProject
Global
	GlobalSection(SolutionConfigurationPlatforms) = preSolution
		Debug|Any CPU = Debug|Any CPU
		Release|Any CPU = Release|Any CPU
	EndGlobalSection
	GlobalSection(ProjectConfigurationPlatforms) = postSolution
		{5EC9D4D0-6E51-4A38-86A9-2E4EAB7A8CA3}.Debug|Any CPU.ActiveCfg = Debug|Any CPU
		{5EC9D4D0-6E51-4A38-86A9-2E4EAB7A8CA3}.Debug|Any CPU.Build.0 = Debug|Any CPU
		{5EC9D4D0-6E51-4A38-86A9-2E4EAB7A8CA3}.Debug|Any CPU.Deploy.0 = Debug|Any CPU
		{5EC9D4D0-6E51-4A38-86A9-2E4EAB7A8CA3}.Release|Any CPU.ActiveCfg = Release|Any CPU
		{5EC9D4D0-6E51-4A38-86A9-2E4EAB7A8CA3}.Release|Any CPU.Build.0 = Release|Any CPU
		{5EC9D4D0-6E51-4A38-86A9-2E4EAB7A8CA3}.Release|Any CPU.Deploy.0 = Release|Any CPU
		{DDA39F74-9A38-4560-931C-CF1336238A40}.Debug|Any CPU.ActiveCfg = Debug|Any CPU
		{DDA39F74-9A38-4560-931C-CF1336238A40}.Debug|Any CPU.Build.0 = Debug|Any CPU
		{DDA39F74-9A38-4560-931C-CF1336238A40}.Debug|Any CPU.Deploy.0 = Debug|Any CPU
		{DDA39F74-9A38-4560-931C-CF1336238A40}.Release|Any CPU.ActiveCfg = Release|Any CPU
		{DDA39F74-9A38-4560-931C-CF1336238A40}.Release|Any CPU.Build.0 = Release|Any CPU
		{DDA39F74-9A38-4560-931C-CF1336238A40}.Release|Any CPU.Deploy.0 = Release|Any CPU
	EndGlobalSection
	GlobalSection(SolutionProperties) = preSolution
		HideSolutionNode = FALSE
	EndGlobalSection
	GlobalSection(ExtensibilityGlobals) = postSolution
		SolutionGuid = {1A2E3C4D-5B8F-44F7-A3B7-494E707D2039}
	EndGlobalSection
EndGlobal
